<?xml version="1.0" encoding="utf-8"?>
<Project ToolsVersion="16.0" xmlns="http://schemas.microsoft.com/developer/msbuild/2003">
  <ItemGroup>
    <ClCompile Include="C:\Users\Laustsen\Desktop\Graphics2022\graphics-programming-2022\exercises\exercise_7_solutions\exercise_7_sol\main.cpp">
      <Filter>Source Files</Filter>
    </ClCompile>
  </ItemGroup>
  <ItemGroup>
    <ClInclude Include="C:\Users\Laustsen\Desktop\Graphics2022\graphics-programming-2022\exercises\exercise_7_solutions\exercise_7_sol\camera.h">
      <Filter>Header Files</Filter>
    </ClInclude>
    <ClInclude Include="C:\Users\Laustsen\Desktop\Graphics2022\graphics-programming-2022\exercises\exercise_7_solutions\exercise_7_sol\mesh.h">
      <Filter>Header Files</Filter>
    </ClInclude>
    <ClInclude Include="C:\Users\Laustsen\Desktop\Graphics2022\graphics-programming-2022\exercises\exercise_7_solutions\exercise_7_sol\model.h">
      <Filter>Header Files</Filter>
    </ClInclude>
    <ClInclude Include="C:\Users\Laustsen\Desktop\Graphics2022\graphics-programming-2022\exercises\exercise_7_solutions\exercise_7_sol\objloader.h">
      <Filter>Header Files</Filter>
    </ClInclude>
    <ClInclude Include="C:\Users\Laustsen\Desktop\Graphics2022\graphics-programming-2022\exercises\exercise_7_solutions\exercise_7_sol\shader.h">
      <Filter>Header Files</Filter>
    </ClInclude>
  </ItemGroup>
  <ItemGroup>
    <CustomBuild Include="C:\Users\Laustsen\Desktop\Graphics2022\graphics-programming-2022\exercises\exercise_7_solutions\exercise_7_sol\CMakeLists.txt" />
  </ItemGroup>
  <ItemGroup>
    <None Include="C:\Users\Laustsen\Desktop\Graphics2022\graphics-programming-2022\exercises\exercise_7_solutions\exercise_7_sol\shaders\deferred_shading.frag" />
    <None Include="C:\Users\Laustsen\Desktop\Graphics2022\graphics-programming-2022\exercises\exercise_7_solutions\exercise_7_sol\shaders\deferred_shading.vert" />
    <None Include="C:\Users\Laustsen\Desktop\Graphics2022\graphics-programming-2022\exercises\exercise_7_solutions\exercise_7_sol\shaders\forward_shading.frag" />
    <None Include="C:\Users\Laustsen\Desktop\Graphics2022\graphics-programming-2022\exercises\exercise_7_solutions\exercise_7_sol\shaders\forward_shading.vert" />
    <None Include="C:\Users\Laustsen\Desktop\Graphics2022\graphics-programming-2022\exercises\exercise_7_solutions\exercise_7_sol\shaders\lighting.frag" />
    <None Include="C:\Users\Laustsen\Desktop\Graphics2022\graphics-programming-2022\exercises\exercise_7_solutions\exercise_7_sol\shaders\lighting.vert" />
  </ItemGroup>
  <ItemGroup>
    <Filter Include="Header Files">
      <UniqueIdentifier>{C987AA87-BA54-35A4-955E-B69B20A9189C}</UniqueIdentifier>
    </Filter>
    <Filter Include="Source Files">
      <UniqueIdentifier>{005E38E3-D51E-3EB1-81D2-8C2B08D796C6}</UniqueIdentifier>
    </Filter>
  </ItemGroup>
</Project>
