<?xml version="1.0" encoding="utf-8"?>
<Project ToolsVersion="16.0" xmlns="http://schemas.microsoft.com/developer/msbuild/2003">
  <ItemGroup>
    <ClCompile Include="C:\Users\Laustsen\Desktop\Graphics2022\graphics-programming-2022\exercises\exercise_10\RayMarcher.cpp">
      <Filter>Source Files</Filter>
    </ClCompile>
    <ClCompile Include="C:\Users\Laustsen\Desktop\Graphics2022\graphics-programming-2022\exercises\exercise_10\SDFCamera.cpp">
      <Filter>Source Files</Filter>
    </ClCompile>
    <ClCompile Include="C:\Users\Laustsen\Desktop\Graphics2022\graphics-programming-2022\exercises\exercise_10\SDFGeometry.cpp">
      <Filter>Source Files</Filter>
    </ClCompile>
    <ClCompile Include="C:\Users\Laustsen\Desktop\Graphics2022\graphics-programming-2022\exercises\exercise_10\SDFMaterial.cpp">
      <Filter>Source Files</Filter>
    </ClCompile>
    <ClCompile Include="C:\Users\Laustsen\Desktop\Graphics2022\graphics-programming-2022\exercises\exercise_10\SDFObject.cpp">
      <Filter>Source Files</Filter>
    </ClCompile>
    <ClCompile Include="C:\Users\Laustsen\Desktop\Graphics2022\graphics-programming-2022\exercises\exercise_10\SDFShader.cpp">
      <Filter>Source Files</Filter>
    </ClCompile>
    <ClCompile Include="C:\Users\Laustsen\Desktop\Graphics2022\graphics-programming-2022\exercises\exercise_10\main.cpp">
      <Filter>Source Files</Filter>
    </ClCompile>
  </ItemGroup>
  <ItemGroup>
    <ClInclude Include="C:\Users\Laustsen\Desktop\Graphics2022\graphics-programming-2022\exercises\exercise_10\RayMarcher.h">
      <Filter>Header Files</Filter>
    </ClInclude>
    <ClInclude Include="C:\Users\Laustsen\Desktop\Graphics2022\graphics-programming-2022\exercises\exercise_10\SDFCamera.h">
      <Filter>Header Files</Filter>
    </ClInclude>
    <ClInclude Include="C:\Users\Laustsen\Desktop\Graphics2022\graphics-programming-2022\exercises\exercise_10\SDFGeometry.h">
      <Filter>Header Files</Filter>
    </ClInclude>
    <ClInclude Include="C:\Users\Laustsen\Desktop\Graphics2022\graphics-programming-2022\exercises\exercise_10\SDFMaterial.h">
      <Filter>Header Files</Filter>
    </ClInclude>
    <ClInclude Include="C:\Users\Laustsen\Desktop\Graphics2022\graphics-programming-2022\exercises\exercise_10\SDFObject.h">
      <Filter>Header Files</Filter>
    </ClInclude>
    <ClInclude Include="C:\Users\Laustsen\Desktop\Graphics2022\graphics-programming-2022\exercises\exercise_10\SDFShader.h">
      <Filter>Header Files</Filter>
    </ClInclude>
  </ItemGroup>
  <ItemGroup>
    <CustomBuild Include="C:\Users\Laustsen\Desktop\Graphics2022\graphics-programming-2022\exercises\exercise_10\CMakeLists.txt" />
  </ItemGroup>
  <ItemGroup>
    <None Include="C:\Users\Laustsen\Desktop\Graphics2022\graphics-programming-2022\exercises\exercise_10\shaders\empty.frag" />
    <None Include="C:\Users\Laustsen\Desktop\Graphics2022\graphics-programming-2022\exercises\exercise_10\shaders\exercise10_1.frag" />
    <None Include="C:\Users\Laustsen\Desktop\Graphics2022\graphics-programming-2022\exercises\exercise_10\shaders\raymarcher.glsl" />
    <None Include="C:\Users\Laustsen\Desktop\Graphics2022\graphics-programming-2022\exercises\exercise_10\shaders\raymarcher.vert" />
    <None Include="C:\Users\Laustsen\Desktop\Graphics2022\graphics-programming-2022\exercises\exercise_10\shaders\sdflibrary.glsl" />
    <None Include="C:\Users\Laustsen\Desktop\Graphics2022\graphics-programming-2022\exercises\exercise_10\shaders\sphere_lit.frag" />
  </ItemGroup>
  <ItemGroup>
    <Filter Include="Header Files">
      <UniqueIdentifier>{C987AA87-BA54-35A4-955E-B69B20A9189C}</UniqueIdentifier>
    </Filter>
    <Filter Include="Source Files">
      <UniqueIdentifier>{005E38E3-D51E-3EB1-81D2-8C2B08D796C6}</UniqueIdentifier>
    </Filter>
  </ItemGroup>
</Project>
